
Microsoft Visual Studio Solution File, Format Version 12.00
# Visual Studio Version 16
VisualStudioVersion = 16.0.29519.87
MinimumVisualStudioVersion = 10.0.40219.1
Project("{FAE04EC0-301F-11D3-BF4B-00C04F79EFBC}") = "AspCoreAngular", "AspCoreAngular\AspCoreAngular.csproj", "{B5881C30-7E46-4877-8D74-9F9907687572}"
EndProject
Global
	GlobalSection(SolutionConfigurationPlatforms) = preSolution
		Debug|Any CPU = Debug|Any CPU
		Release|Any CPU = Release|Any CPU
	EndGlobalSection
	GlobalSection(ProjectConfigurationPlatforms) = postSolution
		{B5881C30-7E46-4877-8D74-9F9907687572}.Debug|Any CPU.ActiveCfg = Debug|Any CPU
		{B5881C30-7E46-4877-8D74-9F9907687572}.Debug|Any CPU.Build.0 = Debug|Any CPU
		{B5881C30-7E46-4877-8D74-9F9907687572}.Release|Any CPU.ActiveCfg = Release|Any CPU
		{B5881C30-7E46-4877-8D74-9F9907687572}.Release|Any CPU.Build.0 = Release|Any CPU
	EndGlobalSection
	GlobalSection(SolutionProperties) = preSolution
		HideSolutionNode = FALSE
	EndGlobalSection
	GlobalSection(ExtensibilityGlobals) = postSolution
		SolutionGuid = {628CA250-C50C-45E6-9D63-DA4C504C3A84}
	EndGlobalSection
EndGlobal
