{
  "requires": true,
  "lockfileVersion": 1,
  "dependencies": {
    "@ngrx/core": {
      "version": "1.2.0",
      "resolved": "https://registry.npmjs.org/@ngrx/core/-/core-1.2.0.tgz",
      "integrity": "sha1-iCtGq6+i4ObYh8txobLC+j5tDcY="
    },
    "@ngrx/effects": {
      "version": "8.6.0",
      "resolved": "https://registry.npmjs.org/@ngrx/effects/-/effects-8.6.0.tgz",
      "integrity": "sha512-JdyJLQbv/wnE0ZPY9DcDOtF9PzJuzsKWmIWgIGunHF18wdjk5O8Zpkcrxq18wDRL6geg5UTtNJRMvTQhpDbzow=="
    },
    "@ngrx/store": {
      "version": "8.6.0",
      "resolved": "https://registry.npmjs.org/@ngrx/store/-/store-8.6.0.tgz",
      "integrity": "sha512-K4cvCEa+5hw9qrETQWO+Cha3YbVCAT8yaIKJr/N35KntTL9mQMjoL+51JWLZfBwPV0e19CFgJIyrBnVUTxwr2A=="
    }
  }
}
